github.com/google/uuid v1.3.0 h1:t6JiXgmwXMjEs8VusXIJk2BXHsn+wx8BZdTaoZ5fu7I=
github.com/google/uuid v1.3.0/go.mod h1:TIyPZe4MgqvfeYDBFedMoGGpEw/LqOeaOT+nhxU+yHo=
github.com/poolpOrg/go-ipcmsg v0.0.0-20211119173446-0e13d0ff03a9 h1:tYdCkFh8jVb9ZrYVr1QH1PRtA2uPgZsd5lb6kI1X1Gk=
github.com/poolpOrg/go-ipcmsg v0.0.0-20211119173446-0e13d0ff03a9/go.mod h1:uqB1dYFdB0PRocsX5MgkuzUlUm1sYYFAVYR/TFukLTk=
